<?xml version="1.0" encoding="utf-8"?>
<Project ToolsVersion="4.0" xmlns="http://schemas.microsoft.com/developer/msbuild/2003">
  <ItemGroup>
    <Filter Include="include">
      <UniqueIdentifier>{3339613f-f366-4389-9fc8-6f1a8a996921}</UniqueIdentifier>
    </Filter>
    <Filter Include="source">
      <UniqueIdentifier>{04a180c3-f0b8-4278-a9b2-51dfa8241a29}</UniqueIdentifier>
    </Filter>
  </ItemGroup>
  <ItemGroup>
    <ClCompile Include="..\source\main.cpp">
      <Filter>source</Filter>
    </ClCompile>
    <ClCompile Include="..\source\MySQLDB.cpp">
      <Filter>source</Filter>
    </ClCompile>
    <ClCompile Include="..\source\StudentsTable.cpp">
      <Filter>source</Filter>
    </ClCompile>
    <ClCompile Include="..\source\DBInfo.cpp">
      <Filter>source</Filter>
    </ClCompile>
  </ItemGroup>
  <ItemGroup>
    <ClInclude Include="..\include\win32\mysql.h">
      <Filter>include</Filter>
    </ClInclude>
    <ClInclude Include="..\include\MySQLDB.h">
      <Filter>include</Filter>
    </ClInclude>
    <ClInclude Include="..\include\StudentsTable.h">
      <Filter>include</Filter>
    </ClInclude>
    <ClInclude Include="..\include\DBInfo.h">
      <Filter>include</Filter>
    </ClInclude>
    <ClInclude Include="..\include\BaseTypes.h">
      <Filter>include</Filter>
    </ClInclude>
    <ClInclude Include="..\include\Role.h">
      <Filter>include</Filter>
    </ClInclude>
  </ItemGroup>
</Project>